
Microsoft Visual Studio Solution File, Format Version 12.00
Project("{FAE04EC0-301F-11D3-BF4B-00C04F79EFBC}") = "w04.1.c08", "w04.1.c08\w04.1.c08.csproj", "{F30C239C-9826-404E-BB94-E9F849424219}"
EndProject
Global
	GlobalSection(SolutionConfigurationPlatforms) = preSolution
		Debug|Any CPU = Debug|Any CPU
		Release|Any CPU = Release|Any CPU
	EndGlobalSection
	GlobalSection(ProjectConfigurationPlatforms) = postSolution
		{F30C239C-9826-404E-BB94-E9F849424219}.Debug|Any CPU.ActiveCfg = Debug|Any CPU
		{F30C239C-9826-404E-BB94-E9F849424219}.Debug|Any CPU.Build.0 = Debug|Any CPU
		{F30C239C-9826-404E-BB94-E9F849424219}.Release|Any CPU.ActiveCfg = Release|Any CPU
		{F30C239C-9826-404E-BB94-E9F849424219}.Release|Any CPU.Build.0 = Release|Any CPU
	EndGlobalSection
EndGlobal
