
Microsoft Visual Studio Solution File, Format Version 12.00
Project("{FAE04EC0-301F-11D3-BF4B-00C04F79EFBC}") = "w11.1.c03", "w11.1.c03\w11.1.c03.csproj", "{85B3C2EB-2090-47F2-AAD6-92708D08B55F}"
EndProject
Global
	GlobalSection(SolutionConfigurationPlatforms) = preSolution
		Debug|Any CPU = Debug|Any CPU
		Release|Any CPU = Release|Any CPU
	EndGlobalSection
	GlobalSection(ProjectConfigurationPlatforms) = postSolution
		{85B3C2EB-2090-47F2-AAD6-92708D08B55F}.Debug|Any CPU.ActiveCfg = Debug|Any CPU
		{85B3C2EB-2090-47F2-AAD6-92708D08B55F}.Debug|Any CPU.Build.0 = Debug|Any CPU
		{85B3C2EB-2090-47F2-AAD6-92708D08B55F}.Release|Any CPU.ActiveCfg = Release|Any CPU
		{85B3C2EB-2090-47F2-AAD6-92708D08B55F}.Release|Any CPU.Build.0 = Release|Any CPU
	EndGlobalSection
EndGlobal
