
Microsoft Visual Studio Solution File, Format Version 12.00
# Visual Studio Version 17
VisualStudioVersion = 17.9.34728.123
MinimumVisualStudioVersion = 10.0.40219.1
Project("{FAE04EC0-301F-11D3-BF4B-00C04F79EFBC}") = "w11.2.h01", "w11.2.h01\w11.2.h01.csproj", "{0F1BA3D2-CB01-4616-99EA-D2625511C31E}"
EndProject
Global
	GlobalSection(SolutionConfigurationPlatforms) = preSolution
		Debug|Any CPU = Debug|Any CPU
		Release|Any CPU = Release|Any CPU
	EndGlobalSection
	GlobalSection(ProjectConfigurationPlatforms) = postSolution
		{0F1BA3D2-CB01-4616-99EA-D2625511C31E}.Debug|Any CPU.ActiveCfg = Debug|Any CPU
		{0F1BA3D2-CB01-4616-99EA-D2625511C31E}.Debug|Any CPU.Build.0 = Debug|Any CPU
		{0F1BA3D2-CB01-4616-99EA-D2625511C31E}.Release|Any CPU.ActiveCfg = Release|Any CPU
		{0F1BA3D2-CB01-4616-99EA-D2625511C31E}.Release|Any CPU.Build.0 = Release|Any CPU
	EndGlobalSection
	GlobalSection(SolutionProperties) = preSolution
		HideSolutionNode = FALSE
	EndGlobalSection
	GlobalSection(ExtensibilityGlobals) = postSolution
		SolutionGuid = {0A900ED9-43E7-4A1F-AA4C-154ED406C025}
	EndGlobalSection
EndGlobal
