
Microsoft Visual Studio Solution File, Format Version 12.00
Project("{FAE04EC0-301F-11D3-BF4B-00C04F79EFBC}") = "w01.2.c04", "w01.2.c04\w01.2.c04.csproj", "{E96766E3-C375-402A-A33D-7796E294AECE}"
EndProject
Global
	GlobalSection(SolutionConfigurationPlatforms) = preSolution
		Debug|Any CPU = Debug|Any CPU
		Release|Any CPU = Release|Any CPU
	EndGlobalSection
	GlobalSection(ProjectConfigurationPlatforms) = postSolution
		{E96766E3-C375-402A-A33D-7796E294AECE}.Debug|Any CPU.ActiveCfg = Debug|Any CPU
		{E96766E3-C375-402A-A33D-7796E294AECE}.Debug|Any CPU.Build.0 = Debug|Any CPU
		{E96766E3-C375-402A-A33D-7796E294AECE}.Release|Any CPU.ActiveCfg = Release|Any CPU
		{E96766E3-C375-402A-A33D-7796E294AECE}.Release|Any CPU.Build.0 = Release|Any CPU
	EndGlobalSection
EndGlobal
