
Microsoft Visual Studio Solution File, Format Version 12.00
Project("{FAE04EC0-301F-11D3-BF4B-00C04F79EFBC}") = "w03.1.c04", "w03.1.c04\w03.1.c04.csproj", "{ABBB0179-0DB7-49AA-94E5-A614F43938AF}"
EndProject
Global
	GlobalSection(SolutionConfigurationPlatforms) = preSolution
		Debug|Any CPU = Debug|Any CPU
		Release|Any CPU = Release|Any CPU
	EndGlobalSection
	GlobalSection(ProjectConfigurationPlatforms) = postSolution
		{ABBB0179-0DB7-49AA-94E5-A614F43938AF}.Debug|Any CPU.ActiveCfg = Debug|Any CPU
		{ABBB0179-0DB7-49AA-94E5-A614F43938AF}.Debug|Any CPU.Build.0 = Debug|Any CPU
		{ABBB0179-0DB7-49AA-94E5-A614F43938AF}.Release|Any CPU.ActiveCfg = Release|Any CPU
		{ABBB0179-0DB7-49AA-94E5-A614F43938AF}.Release|Any CPU.Build.0 = Release|Any CPU
	EndGlobalSection
EndGlobal
