
Microsoft Visual Studio Solution File, Format Version 12.00
Project("{FAE04EC0-301F-11D3-BF4B-00C04F79EFBC}") = "w02.2.c02", "w02.2.c02\w02.2.c02.csproj", "{00E91D1C-FD0F-40E3-B4AE-35AA0A38CB90}"
EndProject
Global
	GlobalSection(SolutionConfigurationPlatforms) = preSolution
		Debug|Any CPU = Debug|Any CPU
		Release|Any CPU = Release|Any CPU
	EndGlobalSection
	GlobalSection(ProjectConfigurationPlatforms) = postSolution
		{00E91D1C-FD0F-40E3-B4AE-35AA0A38CB90}.Debug|Any CPU.ActiveCfg = Debug|Any CPU
		{00E91D1C-FD0F-40E3-B4AE-35AA0A38CB90}.Debug|Any CPU.Build.0 = Debug|Any CPU
		{00E91D1C-FD0F-40E3-B4AE-35AA0A38CB90}.Release|Any CPU.ActiveCfg = Release|Any CPU
		{00E91D1C-FD0F-40E3-B4AE-35AA0A38CB90}.Release|Any CPU.Build.0 = Release|Any CPU
	EndGlobalSection
EndGlobal
