
Microsoft Visual Studio Solution File, Format Version 12.00
Project("{FAE04EC0-301F-11D3-BF4B-00C04F79EFBC}") = "w05.2.h02", "w05.2.h02\w05.2.h02.csproj", "{8CFF6824-9F88-4C4F-A790-2F97B3D9B8BB}"
EndProject
Global
	GlobalSection(SolutionConfigurationPlatforms) = preSolution
		Debug|Any CPU = Debug|Any CPU
		Release|Any CPU = Release|Any CPU
	EndGlobalSection
	GlobalSection(ProjectConfigurationPlatforms) = postSolution
		{8CFF6824-9F88-4C4F-A790-2F97B3D9B8BB}.Debug|Any CPU.ActiveCfg = Debug|Any CPU
		{8CFF6824-9F88-4C4F-A790-2F97B3D9B8BB}.Debug|Any CPU.Build.0 = Debug|Any CPU
		{8CFF6824-9F88-4C4F-A790-2F97B3D9B8BB}.Release|Any CPU.ActiveCfg = Release|Any CPU
		{8CFF6824-9F88-4C4F-A790-2F97B3D9B8BB}.Release|Any CPU.Build.0 = Release|Any CPU
	EndGlobalSection
EndGlobal
