
Microsoft Visual Studio Solution File, Format Version 12.00
Project("{FAE04EC0-301F-11D3-BF4B-00C04F79EFBC}") = "w04.2.c02", "w04.2.c02\w04.2.c02.csproj", "{61432392-0D06-4341-A4F4-B22E19501F7B}"
EndProject
Global
	GlobalSection(SolutionConfigurationPlatforms) = preSolution
		Debug|Any CPU = Debug|Any CPU
		Release|Any CPU = Release|Any CPU
	EndGlobalSection
	GlobalSection(ProjectConfigurationPlatforms) = postSolution
		{61432392-0D06-4341-A4F4-B22E19501F7B}.Debug|Any CPU.ActiveCfg = Debug|Any CPU
		{61432392-0D06-4341-A4F4-B22E19501F7B}.Debug|Any CPU.Build.0 = Debug|Any CPU
		{61432392-0D06-4341-A4F4-B22E19501F7B}.Release|Any CPU.ActiveCfg = Release|Any CPU
		{61432392-0D06-4341-A4F4-B22E19501F7B}.Release|Any CPU.Build.0 = Release|Any CPU
	EndGlobalSection
EndGlobal
