
Microsoft Visual Studio Solution File, Format Version 12.00
Project("{FAE04EC0-301F-11D3-BF4B-00C04F79EFBC}") = "w15.1.c02", "w15.1.c02\w15.1.c02.csproj", "{872FE3BC-CCB7-4667-A51C-0E66B953474B}"
EndProject
Global
	GlobalSection(SolutionConfigurationPlatforms) = preSolution
		Debug|Any CPU = Debug|Any CPU
		Release|Any CPU = Release|Any CPU
	EndGlobalSection
	GlobalSection(ProjectConfigurationPlatforms) = postSolution
		{872FE3BC-CCB7-4667-A51C-0E66B953474B}.Debug|Any CPU.ActiveCfg = Debug|Any CPU
		{872FE3BC-CCB7-4667-A51C-0E66B953474B}.Debug|Any CPU.Build.0 = Debug|Any CPU
		{872FE3BC-CCB7-4667-A51C-0E66B953474B}.Release|Any CPU.ActiveCfg = Release|Any CPU
		{872FE3BC-CCB7-4667-A51C-0E66B953474B}.Release|Any CPU.Build.0 = Release|Any CPU
	EndGlobalSection
EndGlobal
