
Microsoft Visual Studio Solution File, Format Version 12.00
Project("{FAE04EC0-301F-11D3-BF4B-00C04F79EFBC}") = "w13.1.c03", "w13.1.c03\w13.1.c03.csproj", "{D7312DA6-961D-4C30-BFDC-307B04717D8E}"
EndProject
Global
	GlobalSection(SolutionConfigurationPlatforms) = preSolution
		Debug|Any CPU = Debug|Any CPU
		Release|Any CPU = Release|Any CPU
	EndGlobalSection
	GlobalSection(ProjectConfigurationPlatforms) = postSolution
		{D7312DA6-961D-4C30-BFDC-307B04717D8E}.Debug|Any CPU.ActiveCfg = Debug|Any CPU
		{D7312DA6-961D-4C30-BFDC-307B04717D8E}.Debug|Any CPU.Build.0 = Debug|Any CPU
		{D7312DA6-961D-4C30-BFDC-307B04717D8E}.Release|Any CPU.ActiveCfg = Release|Any CPU
		{D7312DA6-961D-4C30-BFDC-307B04717D8E}.Release|Any CPU.Build.0 = Release|Any CPU
	EndGlobalSection
EndGlobal
