
Microsoft Visual Studio Solution File, Format Version 12.00
Project("{FAE04EC0-301F-11D3-BF4B-00C04F79EFBC}") = "w03.1.c01", "w03.1.c01\w03.1.c01.csproj", "{F417E57E-65C4-40A9-9393-0CAD86A106AF}"
EndProject
Global
	GlobalSection(SolutionConfigurationPlatforms) = preSolution
		Debug|Any CPU = Debug|Any CPU
		Release|Any CPU = Release|Any CPU
	EndGlobalSection
	GlobalSection(ProjectConfigurationPlatforms) = postSolution
		{F417E57E-65C4-40A9-9393-0CAD86A106AF}.Debug|Any CPU.ActiveCfg = Debug|Any CPU
		{F417E57E-65C4-40A9-9393-0CAD86A106AF}.Debug|Any CPU.Build.0 = Debug|Any CPU
		{F417E57E-65C4-40A9-9393-0CAD86A106AF}.Release|Any CPU.ActiveCfg = Release|Any CPU
		{F417E57E-65C4-40A9-9393-0CAD86A106AF}.Release|Any CPU.Build.0 = Release|Any CPU
	EndGlobalSection
EndGlobal
