
Microsoft Visual Studio Solution File, Format Version 12.00
# Visual Studio Version 17
VisualStudioVersion = 17.9.34607.119
MinimumVisualStudioVersion = 10.0.40219.1
Project("{FAE04EC0-301F-11D3-BF4B-00C04F79EFBC}") = "w02.2.h03", "w02.2.h03\w02.2.h03.csproj", "{A15BA954-EFE5-4483-BFF7-9F679059916D}"
EndProject
Global
	GlobalSection(SolutionConfigurationPlatforms) = preSolution
		Debug|Any CPU = Debug|Any CPU
		Release|Any CPU = Release|Any CPU
	EndGlobalSection
	GlobalSection(ProjectConfigurationPlatforms) = postSolution
		{A15BA954-EFE5-4483-BFF7-9F679059916D}.Debug|Any CPU.ActiveCfg = Debug|Any CPU
		{A15BA954-EFE5-4483-BFF7-9F679059916D}.Debug|Any CPU.Build.0 = Debug|Any CPU
		{A15BA954-EFE5-4483-BFF7-9F679059916D}.Release|Any CPU.ActiveCfg = Release|Any CPU
		{A15BA954-EFE5-4483-BFF7-9F679059916D}.Release|Any CPU.Build.0 = Release|Any CPU
	EndGlobalSection
	GlobalSection(SolutionProperties) = preSolution
		HideSolutionNode = FALSE
	EndGlobalSection
	GlobalSection(ExtensibilityGlobals) = postSolution
		SolutionGuid = {97721D7D-AC0C-4CE3-87E2-F27165ED1920}
	EndGlobalSection
EndGlobal
