
Microsoft Visual Studio Solution File, Format Version 12.00
Project("{FAE04EC0-301F-11D3-BF4B-00C04F79EFBC}") = "w12.2.c01", "w12.2.c01\w12.2.c01.csproj", "{E0B4AB2A-9DCF-4BB5-B7A6-E65FFC167C70}"
EndProject
Global
	GlobalSection(SolutionConfigurationPlatforms) = preSolution
		Debug|Any CPU = Debug|Any CPU
		Release|Any CPU = Release|Any CPU
	EndGlobalSection
	GlobalSection(ProjectConfigurationPlatforms) = postSolution
		{E0B4AB2A-9DCF-4BB5-B7A6-E65FFC167C70}.Debug|Any CPU.ActiveCfg = Debug|Any CPU
		{E0B4AB2A-9DCF-4BB5-B7A6-E65FFC167C70}.Debug|Any CPU.Build.0 = Debug|Any CPU
		{E0B4AB2A-9DCF-4BB5-B7A6-E65FFC167C70}.Release|Any CPU.ActiveCfg = Release|Any CPU
		{E0B4AB2A-9DCF-4BB5-B7A6-E65FFC167C70}.Release|Any CPU.Build.0 = Release|Any CPU
	EndGlobalSection
EndGlobal
