
Microsoft Visual Studio Solution File, Format Version 12.00
Project("{FAE04EC0-301F-11D3-BF4B-00C04F79EFBC}") = "w04.2.c06", "w04.2.c06\w04.2.c06.csproj", "{CD525EDE-2E51-45E1-AF79-6FAC0C736C8C}"
EndProject
Global
	GlobalSection(SolutionConfigurationPlatforms) = preSolution
		Debug|Any CPU = Debug|Any CPU
		Release|Any CPU = Release|Any CPU
	EndGlobalSection
	GlobalSection(ProjectConfigurationPlatforms) = postSolution
		{CD525EDE-2E51-45E1-AF79-6FAC0C736C8C}.Debug|Any CPU.ActiveCfg = Debug|Any CPU
		{CD525EDE-2E51-45E1-AF79-6FAC0C736C8C}.Debug|Any CPU.Build.0 = Debug|Any CPU
		{CD525EDE-2E51-45E1-AF79-6FAC0C736C8C}.Release|Any CPU.ActiveCfg = Release|Any CPU
		{CD525EDE-2E51-45E1-AF79-6FAC0C736C8C}.Release|Any CPU.Build.0 = Release|Any CPU
	EndGlobalSection
EndGlobal
