
Microsoft Visual Studio Solution File, Format Version 12.00
Project("{FAE04EC0-301F-11D3-BF4B-00C04F79EFBC}") = "w04.2.c07", "w04.2.c07\w04.2.c07.csproj", "{E771F5AB-7689-4A82-9811-35E107EBE957}"
EndProject
Global
	GlobalSection(SolutionConfigurationPlatforms) = preSolution
		Debug|Any CPU = Debug|Any CPU
		Release|Any CPU = Release|Any CPU
	EndGlobalSection
	GlobalSection(ProjectConfigurationPlatforms) = postSolution
		{E771F5AB-7689-4A82-9811-35E107EBE957}.Debug|Any CPU.ActiveCfg = Debug|Any CPU
		{E771F5AB-7689-4A82-9811-35E107EBE957}.Debug|Any CPU.Build.0 = Debug|Any CPU
		{E771F5AB-7689-4A82-9811-35E107EBE957}.Release|Any CPU.ActiveCfg = Release|Any CPU
		{E771F5AB-7689-4A82-9811-35E107EBE957}.Release|Any CPU.Build.0 = Release|Any CPU
	EndGlobalSection
EndGlobal
