
Microsoft Visual Studio Solution File, Format Version 12.00
Project("{FAE04EC0-301F-11D3-BF4B-00C04F79EFBC}") = "w14.2.c03_c04", "w14.2.c03_c04\w14.2.c03_c04.csproj", "{D22D6157-B996-4601-98C1-D61C3825EA68}"
EndProject
Global
	GlobalSection(SolutionConfigurationPlatforms) = preSolution
		Debug|Any CPU = Debug|Any CPU
		Release|Any CPU = Release|Any CPU
	EndGlobalSection
	GlobalSection(ProjectConfigurationPlatforms) = postSolution
		{D22D6157-B996-4601-98C1-D61C3825EA68}.Debug|Any CPU.ActiveCfg = Debug|Any CPU
		{D22D6157-B996-4601-98C1-D61C3825EA68}.Debug|Any CPU.Build.0 = Debug|Any CPU
		{D22D6157-B996-4601-98C1-D61C3825EA68}.Release|Any CPU.ActiveCfg = Release|Any CPU
		{D22D6157-B996-4601-98C1-D61C3825EA68}.Release|Any CPU.Build.0 = Release|Any CPU
	EndGlobalSection
EndGlobal
