
Microsoft Visual Studio Solution File, Format Version 12.00
Project("{FAE04EC0-301F-11D3-BF4B-00C04F79EFBC}") = "w01.1.h01", "w01.1.h01\w01.1.h01.csproj", "{FC9010F6-8498-4936-988D-043BC3C756AB}"
EndProject
Global
	GlobalSection(SolutionConfigurationPlatforms) = preSolution
		Debug|Any CPU = Debug|Any CPU
		Release|Any CPU = Release|Any CPU
	EndGlobalSection
	GlobalSection(ProjectConfigurationPlatforms) = postSolution
		{FC9010F6-8498-4936-988D-043BC3C756AB}.Debug|Any CPU.ActiveCfg = Debug|Any CPU
		{FC9010F6-8498-4936-988D-043BC3C756AB}.Debug|Any CPU.Build.0 = Debug|Any CPU
		{FC9010F6-8498-4936-988D-043BC3C756AB}.Release|Any CPU.ActiveCfg = Release|Any CPU
		{FC9010F6-8498-4936-988D-043BC3C756AB}.Release|Any CPU.Build.0 = Release|Any CPU
	EndGlobalSection
EndGlobal
