
Microsoft Visual Studio Solution File, Format Version 12.00
Project("{FAE04EC0-301F-11D3-BF4B-00C04F79EFBC}") = "w02.1.c01", "w02.1.c01\w02.1.c01.csproj", "{DDC714DD-3057-41C2-A994-2B2793683CF4}"
EndProject
Global
	GlobalSection(SolutionConfigurationPlatforms) = preSolution
		Debug|Any CPU = Debug|Any CPU
		Release|Any CPU = Release|Any CPU
	EndGlobalSection
	GlobalSection(ProjectConfigurationPlatforms) = postSolution
		{DDC714DD-3057-41C2-A994-2B2793683CF4}.Debug|Any CPU.ActiveCfg = Debug|Any CPU
		{DDC714DD-3057-41C2-A994-2B2793683CF4}.Debug|Any CPU.Build.0 = Debug|Any CPU
		{DDC714DD-3057-41C2-A994-2B2793683CF4}.Release|Any CPU.ActiveCfg = Release|Any CPU
		{DDC714DD-3057-41C2-A994-2B2793683CF4}.Release|Any CPU.Build.0 = Release|Any CPU
	EndGlobalSection
EndGlobal
