
Microsoft Visual Studio Solution File, Format Version 12.00
Project("{FAE04EC0-301F-11D3-BF4B-00C04F79EFBC}") = "w02.2.c09", "w02.2.c09\w02.2.c09.csproj", "{C5C5D205-565F-49D5-A392-5D40D995F024}"
EndProject
Global
	GlobalSection(SolutionConfigurationPlatforms) = preSolution
		Debug|Any CPU = Debug|Any CPU
		Release|Any CPU = Release|Any CPU
	EndGlobalSection
	GlobalSection(ProjectConfigurationPlatforms) = postSolution
		{C5C5D205-565F-49D5-A392-5D40D995F024}.Debug|Any CPU.ActiveCfg = Debug|Any CPU
		{C5C5D205-565F-49D5-A392-5D40D995F024}.Debug|Any CPU.Build.0 = Debug|Any CPU
		{C5C5D205-565F-49D5-A392-5D40D995F024}.Release|Any CPU.ActiveCfg = Release|Any CPU
		{C5C5D205-565F-49D5-A392-5D40D995F024}.Release|Any CPU.Build.0 = Release|Any CPU
	EndGlobalSection
EndGlobal
