
Microsoft Visual Studio Solution File, Format Version 12.00
Project("{FAE04EC0-301F-11D3-BF4B-00C04F79EFBC}") = "w15.1.c03", "w15.1.c03\w15.1.c03.csproj", "{150A03BA-8CCF-4F10-AFED-74D38E65C23F}"
EndProject
Global
	GlobalSection(SolutionConfigurationPlatforms) = preSolution
		Debug|Any CPU = Debug|Any CPU
		Release|Any CPU = Release|Any CPU
	EndGlobalSection
	GlobalSection(ProjectConfigurationPlatforms) = postSolution
		{150A03BA-8CCF-4F10-AFED-74D38E65C23F}.Debug|Any CPU.ActiveCfg = Debug|Any CPU
		{150A03BA-8CCF-4F10-AFED-74D38E65C23F}.Debug|Any CPU.Build.0 = Debug|Any CPU
		{150A03BA-8CCF-4F10-AFED-74D38E65C23F}.Release|Any CPU.ActiveCfg = Release|Any CPU
		{150A03BA-8CCF-4F10-AFED-74D38E65C23F}.Release|Any CPU.Build.0 = Release|Any CPU
	EndGlobalSection
EndGlobal
