
Microsoft Visual Studio Solution File, Format Version 12.00
Project("{FAE04EC0-301F-11D3-BF4B-00C04F79EFBC}") = "w14.1.h01", "w14.1.h01\w14.1.h01.csproj", "{2B07FD64-3977-4F36-8405-F3D2A00D0F3B}"
EndProject
Global
	GlobalSection(SolutionConfigurationPlatforms) = preSolution
		Debug|Any CPU = Debug|Any CPU
		Release|Any CPU = Release|Any CPU
	EndGlobalSection
	GlobalSection(ProjectConfigurationPlatforms) = postSolution
		{2B07FD64-3977-4F36-8405-F3D2A00D0F3B}.Debug|Any CPU.ActiveCfg = Debug|Any CPU
		{2B07FD64-3977-4F36-8405-F3D2A00D0F3B}.Debug|Any CPU.Build.0 = Debug|Any CPU
		{2B07FD64-3977-4F36-8405-F3D2A00D0F3B}.Release|Any CPU.ActiveCfg = Release|Any CPU
		{2B07FD64-3977-4F36-8405-F3D2A00D0F3B}.Release|Any CPU.Build.0 = Release|Any CPU
	EndGlobalSection
EndGlobal
