
Microsoft Visual Studio Solution File, Format Version 12.00
# Visual Studio Version 17
VisualStudioVersion = 17.9.34723.18
MinimumVisualStudioVersion = 10.0.40219.1
Project("{FAE04EC0-301F-11D3-BF4B-00C04F79EFBC}") = "w07.1.c04", "w07.1.c04\w07.1.c04.csproj", "{74ECB3EF-4AE7-4C11-96D2-C6EC8D37F63F}"
EndProject
Global
	GlobalSection(SolutionConfigurationPlatforms) = preSolution
		Debug|Any CPU = Debug|Any CPU
		Release|Any CPU = Release|Any CPU
	EndGlobalSection
	GlobalSection(ProjectConfigurationPlatforms) = postSolution
		{74ECB3EF-4AE7-4C11-96D2-C6EC8D37F63F}.Debug|Any CPU.ActiveCfg = Debug|Any CPU
		{74ECB3EF-4AE7-4C11-96D2-C6EC8D37F63F}.Debug|Any CPU.Build.0 = Debug|Any CPU
		{74ECB3EF-4AE7-4C11-96D2-C6EC8D37F63F}.Release|Any CPU.ActiveCfg = Release|Any CPU
		{74ECB3EF-4AE7-4C11-96D2-C6EC8D37F63F}.Release|Any CPU.Build.0 = Release|Any CPU
	EndGlobalSection
	GlobalSection(SolutionProperties) = preSolution
		HideSolutionNode = FALSE
	EndGlobalSection
	GlobalSection(ExtensibilityGlobals) = postSolution
		SolutionGuid = {63601B86-4814-4EA3-B7CA-A658F2D72CDF}
	EndGlobalSection
EndGlobal
