
Microsoft Visual Studio Solution File, Format Version 12.00
Project("{FAE04EC0-301F-11D3-BF4B-00C04F79EFBC}") = "w07.1.h01", "w07.1.h01\w07.1.h01.csproj", "{40312BA0-9F7B-4AF2-B041-C4E725CDE7BF}"
EndProject
Global
	GlobalSection(SolutionConfigurationPlatforms) = preSolution
		Debug|Any CPU = Debug|Any CPU
		Release|Any CPU = Release|Any CPU
	EndGlobalSection
	GlobalSection(ProjectConfigurationPlatforms) = postSolution
		{40312BA0-9F7B-4AF2-B041-C4E725CDE7BF}.Debug|Any CPU.ActiveCfg = Debug|Any CPU
		{40312BA0-9F7B-4AF2-B041-C4E725CDE7BF}.Debug|Any CPU.Build.0 = Debug|Any CPU
		{40312BA0-9F7B-4AF2-B041-C4E725CDE7BF}.Release|Any CPU.ActiveCfg = Release|Any CPU
		{40312BA0-9F7B-4AF2-B041-C4E725CDE7BF}.Release|Any CPU.Build.0 = Release|Any CPU
	EndGlobalSection
EndGlobal
