
Microsoft Visual Studio Solution File, Format Version 12.00
Project("{FAE04EC0-301F-11D3-BF4B-00C04F79EFBC}") = "w02.1.h01", "w02.1.h01\w02.1.h01.csproj", "{004DD520-DCA8-4923-BCB9-887692A7AAEF}"
EndProject
Global
	GlobalSection(SolutionConfigurationPlatforms) = preSolution
		Debug|Any CPU = Debug|Any CPU
		Release|Any CPU = Release|Any CPU
	EndGlobalSection
	GlobalSection(ProjectConfigurationPlatforms) = postSolution
		{004DD520-DCA8-4923-BCB9-887692A7AAEF}.Debug|Any CPU.ActiveCfg = Debug|Any CPU
		{004DD520-DCA8-4923-BCB9-887692A7AAEF}.Debug|Any CPU.Build.0 = Debug|Any CPU
		{004DD520-DCA8-4923-BCB9-887692A7AAEF}.Release|Any CPU.ActiveCfg = Release|Any CPU
		{004DD520-DCA8-4923-BCB9-887692A7AAEF}.Release|Any CPU.Build.0 = Release|Any CPU
	EndGlobalSection
EndGlobal
