
Microsoft Visual Studio Solution File, Format Version 12.00
Project("{FAE04EC0-301F-11D3-BF4B-00C04F79EFBC}") = "w12.1.c03", "w12.1.c03\w12.1.c03.csproj", "{44D0CAE7-CB9B-4042-92EB-1A3A8DA2C72A}"
EndProject
Global
	GlobalSection(SolutionConfigurationPlatforms) = preSolution
		Debug|Any CPU = Debug|Any CPU
		Release|Any CPU = Release|Any CPU
	EndGlobalSection
	GlobalSection(ProjectConfigurationPlatforms) = postSolution
		{44D0CAE7-CB9B-4042-92EB-1A3A8DA2C72A}.Debug|Any CPU.ActiveCfg = Debug|Any CPU
		{44D0CAE7-CB9B-4042-92EB-1A3A8DA2C72A}.Debug|Any CPU.Build.0 = Debug|Any CPU
		{44D0CAE7-CB9B-4042-92EB-1A3A8DA2C72A}.Release|Any CPU.ActiveCfg = Release|Any CPU
		{44D0CAE7-CB9B-4042-92EB-1A3A8DA2C72A}.Release|Any CPU.Build.0 = Release|Any CPU
	EndGlobalSection
EndGlobal
