
Microsoft Visual Studio Solution File, Format Version 12.00
Project("{FAE04EC0-301F-11D3-BF4B-00C04F79EFBC}") = "w02.1.c08", "w02.1.c08\w02.1.c08.csproj", "{33F264B7-2C05-4D9B-9565-0FC773B18E7F}"
EndProject
Global
	GlobalSection(SolutionConfigurationPlatforms) = preSolution
		Debug|Any CPU = Debug|Any CPU
		Release|Any CPU = Release|Any CPU
	EndGlobalSection
	GlobalSection(ProjectConfigurationPlatforms) = postSolution
		{33F264B7-2C05-4D9B-9565-0FC773B18E7F}.Debug|Any CPU.ActiveCfg = Debug|Any CPU
		{33F264B7-2C05-4D9B-9565-0FC773B18E7F}.Debug|Any CPU.Build.0 = Debug|Any CPU
		{33F264B7-2C05-4D9B-9565-0FC773B18E7F}.Release|Any CPU.ActiveCfg = Release|Any CPU
		{33F264B7-2C05-4D9B-9565-0FC773B18E7F}.Release|Any CPU.Build.0 = Release|Any CPU
	EndGlobalSection
EndGlobal
