
Microsoft Visual Studio Solution File, Format Version 12.00
# Visual Studio Version 17
VisualStudioVersion = 17.9.34728.123
MinimumVisualStudioVersion = 10.0.40219.1
Project("{FAE04EC0-301F-11D3-BF4B-00C04F79EFBC}") = "w07.1.c05", "w07.1.c05\w07.1.c05.csproj", "{162E3365-C817-4B2D-81A9-60BECC8363FA}"
EndProject
Global
	GlobalSection(SolutionConfigurationPlatforms) = preSolution
		Debug|Any CPU = Debug|Any CPU
		Release|Any CPU = Release|Any CPU
	EndGlobalSection
	GlobalSection(ProjectConfigurationPlatforms) = postSolution
		{162E3365-C817-4B2D-81A9-60BECC8363FA}.Debug|Any CPU.ActiveCfg = Debug|Any CPU
		{162E3365-C817-4B2D-81A9-60BECC8363FA}.Debug|Any CPU.Build.0 = Debug|Any CPU
		{162E3365-C817-4B2D-81A9-60BECC8363FA}.Release|Any CPU.ActiveCfg = Release|Any CPU
		{162E3365-C817-4B2D-81A9-60BECC8363FA}.Release|Any CPU.Build.0 = Release|Any CPU
	EndGlobalSection
	GlobalSection(SolutionProperties) = preSolution
		HideSolutionNode = FALSE
	EndGlobalSection
	GlobalSection(ExtensibilityGlobals) = postSolution
		SolutionGuid = {16E29432-A415-4CD3-8D4D-A81EFD670D5B}
	EndGlobalSection
EndGlobal
