
Microsoft Visual Studio Solution File, Format Version 12.00
Project("{FAE04EC0-301F-11D3-BF4B-00C04F79EFBC}") = "w13.1.c01", "w13.1.c01\w13.1.c01.csproj", "{B910E43A-9A1E-4907-BD4A-D0B402F6B10A}"
EndProject
Global
	GlobalSection(SolutionConfigurationPlatforms) = preSolution
		Debug|Any CPU = Debug|Any CPU
		Release|Any CPU = Release|Any CPU
	EndGlobalSection
	GlobalSection(ProjectConfigurationPlatforms) = postSolution
		{B910E43A-9A1E-4907-BD4A-D0B402F6B10A}.Debug|Any CPU.ActiveCfg = Debug|Any CPU
		{B910E43A-9A1E-4907-BD4A-D0B402F6B10A}.Debug|Any CPU.Build.0 = Debug|Any CPU
		{B910E43A-9A1E-4907-BD4A-D0B402F6B10A}.Release|Any CPU.ActiveCfg = Release|Any CPU
		{B910E43A-9A1E-4907-BD4A-D0B402F6B10A}.Release|Any CPU.Build.0 = Release|Any CPU
	EndGlobalSection
EndGlobal
