
Microsoft Visual Studio Solution File, Format Version 12.00
Project("{FAE04EC0-301F-11D3-BF4B-00C04F79EFBC}") = "w01.1.c03", "w01.1.c03\w01.1.c03.csproj", "{A9FEEB34-F732-46E9-90FD-E77075DFE6E2}"
EndProject
Global
	GlobalSection(SolutionConfigurationPlatforms) = preSolution
		Debug|Any CPU = Debug|Any CPU
		Release|Any CPU = Release|Any CPU
	EndGlobalSection
	GlobalSection(ProjectConfigurationPlatforms) = postSolution
		{A9FEEB34-F732-46E9-90FD-E77075DFE6E2}.Debug|Any CPU.ActiveCfg = Debug|Any CPU
		{A9FEEB34-F732-46E9-90FD-E77075DFE6E2}.Debug|Any CPU.Build.0 = Debug|Any CPU
		{A9FEEB34-F732-46E9-90FD-E77075DFE6E2}.Release|Any CPU.ActiveCfg = Release|Any CPU
		{A9FEEB34-F732-46E9-90FD-E77075DFE6E2}.Release|Any CPU.Build.0 = Release|Any CPU
	EndGlobalSection
EndGlobal
