
Microsoft Visual Studio Solution File, Format Version 12.00
# Visual Studio Version 17
VisualStudioVersion = 17.9.34607.119
MinimumVisualStudioVersion = 10.0.40219.1
Project("{FAE04EC0-301F-11D3-BF4B-00C04F79EFBC}") = "w05.1.h02", "w05.1.h02\w05.1.h02.csproj", "{5238C02A-918E-48F6-B0E3-505FE0ED5376}"
EndProject
Global
	GlobalSection(SolutionConfigurationPlatforms) = preSolution
		Debug|Any CPU = Debug|Any CPU
		Release|Any CPU = Release|Any CPU
	EndGlobalSection
	GlobalSection(ProjectConfigurationPlatforms) = postSolution
		{5238C02A-918E-48F6-B0E3-505FE0ED5376}.Debug|Any CPU.ActiveCfg = Debug|Any CPU
		{5238C02A-918E-48F6-B0E3-505FE0ED5376}.Debug|Any CPU.Build.0 = Debug|Any CPU
		{5238C02A-918E-48F6-B0E3-505FE0ED5376}.Release|Any CPU.ActiveCfg = Release|Any CPU
		{5238C02A-918E-48F6-B0E3-505FE0ED5376}.Release|Any CPU.Build.0 = Release|Any CPU
	EndGlobalSection
	GlobalSection(SolutionProperties) = preSolution
		HideSolutionNode = FALSE
	EndGlobalSection
	GlobalSection(ExtensibilityGlobals) = postSolution
		SolutionGuid = {7353B495-9732-48A9-9824-DEC4F08A7B6E}
	EndGlobalSection
EndGlobal
