
Microsoft Visual Studio Solution File, Format Version 12.00
Project("{FAE04EC0-301F-11D3-BF4B-00C04F79EFBC}") = "w05.2.c03", "w05.2.c03\w05.2.c03.csproj", "{0EE61253-78CC-4443-A3DD-CB46D79CA024}"
EndProject
Global
	GlobalSection(SolutionConfigurationPlatforms) = preSolution
		Debug|Any CPU = Debug|Any CPU
		Release|Any CPU = Release|Any CPU
	EndGlobalSection
	GlobalSection(ProjectConfigurationPlatforms) = postSolution
		{0EE61253-78CC-4443-A3DD-CB46D79CA024}.Debug|Any CPU.ActiveCfg = Debug|Any CPU
		{0EE61253-78CC-4443-A3DD-CB46D79CA024}.Debug|Any CPU.Build.0 = Debug|Any CPU
		{0EE61253-78CC-4443-A3DD-CB46D79CA024}.Release|Any CPU.ActiveCfg = Release|Any CPU
		{0EE61253-78CC-4443-A3DD-CB46D79CA024}.Release|Any CPU.Build.0 = Release|Any CPU
	EndGlobalSection
EndGlobal
